
Microsoft Visual Studio Solution File, Format Version 12.00
# Visual Studio Version 18
VisualStudioVersion = 18.1.11304.174 d18.0
MinimumVisualStudioVersion = 10.0.40219.1
Project("{FAE04EC0-301F-11D3-BF4B-00C04F79EFBC}") = "ComplexType", "ComplexType\ComplexType.csproj", "{72D35627-5064-4F47-B590-B96CA37A9198}"
EndProject
Project("{FAE04EC0-301F-11D3-BF4B-00C04F79EFBC}") = "JsonSql", "JsonSql\JsonSql.csproj", "{5C9FFF0F-FA8F-4ECE-AE89-F3E9A577F760}"
EndProject
Project("{FAE04EC0-301F-11D3-BF4B-00C04F79EFBC}") = "LeftRightJoin", "LeftRightJoin\LeftRightJoin.csproj", "{6C31CC4A-10DD-4F84-BEB2-92884E1A0BF7}"
EndProject
Project("{FAE04EC0-301F-11D3-BF4B-00C04F79EFBC}") = "QueryFilter", "QueryFilter\QueryFilter.csproj", "{D18CFF79-E15D-4C52-B8DC-E1D81E80EE1E}"
EndProject
Project("{FAE04EC0-301F-11D3-BF4B-00C04F79EFBC}") = "SensitiveDataLogging", "SensitiveDataLogging\SensitiveDataLogging.csproj", "{40A2DC3E-8587-4007-A669-2B2953A868A6}"
EndProject
Project("{FAE04EC0-301F-11D3-BF4B-00C04F79EFBC}") = "VectorSearch", "VectorSearch\VectorSearch.csproj", "{EFEEE1C7-CE2D-481D-ADEC-7B9E23D1AB2A}"
EndProject
Project("{FAE04EC0-301F-11D3-BF4B-00C04F79EFBC}") = "DemoLauncher", "DemoLauncher\DemoLauncher.csproj", "{D6AB1FE0-DA1A-4286-8589-1A442DF0CB1E}"
EndProject
Project("{2150E333-8FDC-42A3-9474-1A3956D46DE8}") = "Elementi di soluzione", "Elementi di soluzione", "{81433136-E94D-428E-B6A0-AC43457C07A9}"
	ProjectSection(SolutionItems) = preProject
		README.md = README.md
	EndProjectSection
EndProject
Global
	GlobalSection(SolutionConfigurationPlatforms) = preSolution
		Debug|Any CPU = Debug|Any CPU
		Debug|x64 = Debug|x64
		Debug|x86 = Debug|x86
		Release|Any CPU = Release|Any CPU
		Release|x64 = Release|x64
		Release|x86 = Release|x86
	EndGlobalSection
	GlobalSection(ProjectConfigurationPlatforms) = postSolution
		{72D35627-5064-4F47-B590-B96CA37A9198}.Debug|Any CPU.ActiveCfg = Debug|Any CPU
		{72D35627-5064-4F47-B590-B96CA37A9198}.Debug|Any CPU.Build.0 = Debug|Any CPU
		{72D35627-5064-4F47-B590-B96CA37A9198}.Debug|x64.ActiveCfg = Debug|Any CPU
		{72D35627-5064-4F47-B590-B96CA37A9198}.Debug|x64.Build.0 = Debug|Any CPU
		{72D35627-5064-4F47-B590-B96CA37A9198}.Debug|x86.ActiveCfg = Debug|Any CPU
		{72D35627-5064-4F47-B590-B96CA37A9198}.Debug|x86.Build.0 = Debug|Any CPU
		{72D35627-5064-4F47-B590-B96CA37A9198}.Release|Any CPU.ActiveCfg = Release|Any CPU
		{72D35627-5064-4F47-B590-B96CA37A9198}.Release|Any CPU.Build.0 = Release|Any CPU
		{72D35627-5064-4F47-B590-B96CA37A9198}.Release|x64.ActiveCfg = Release|Any CPU
		{72D35627-5064-4F47-B590-B96CA37A9198}.Release|x64.Build.0 = Release|Any CPU
		{72D35627-5064-4F47-B590-B96CA37A9198}.Release|x86.ActiveCfg = Release|Any CPU
		{72D35627-5064-4F47-B590-B96CA37A9198}.Release|x86.Build.0 = Release|Any CPU
		{5C9FFF0F-FA8F-4ECE-AE89-F3E9A577F760}.Debug|Any CPU.ActiveCfg = Debug|Any CPU
		{5C9FFF0F-FA8F-4ECE-AE89-F3E9A577F760}.Debug|Any CPU.Build.0 = Debug|Any CPU
		{5C9FFF0F-FA8F-4ECE-AE89-F3E9A577F760}.Debug|x64.ActiveCfg = Debug|Any CPU
		{5C9FFF0F-FA8F-4ECE-AE89-F3E9A577F760}.Debug|x64.Build.0 = Debug|Any CPU
		{5C9FFF0F-FA8F-4ECE-AE89-F3E9A577F760}.Debug|x86.ActiveCfg = Debug|Any CPU
		{5C9FFF0F-FA8F-4ECE-AE89-F3E9A577F760}.Debug|x86.Build.0 = Debug|Any CPU
		{5C9FFF0F-FA8F-4ECE-AE89-F3E9A577F760}.Release|Any CPU.ActiveCfg = Release|Any CPU
		{5C9FFF0F-FA8F-4ECE-AE89-F3E9A577F760}.Release|Any CPU.Build.0 = Release|Any CPU
		{5C9FFF0F-FA8F-4ECE-AE89-F3E9A577F760}.Release|x64.ActiveCfg = Release|Any CPU
		{5C9FFF0F-FA8F-4ECE-AE89-F3E9A577F760}.Release|x64.Build.0 = Release|Any CPU
		{5C9FFF0F-FA8F-4ECE-AE89-F3E9A577F760}.Release|x86.ActiveCfg = Release|Any CPU
		{5C9FFF0F-FA8F-4ECE-AE89-F3E9A577F760}.Release|x86.Build.0 = Release|Any CPU
		{6C31CC4A-10DD-4F84-BEB2-92884E1A0BF7}.Debug|Any CPU.ActiveCfg = Debug|Any CPU
		{6C31CC4A-10DD-4F84-BEB2-92884E1A0BF7}.Debug|Any CPU.Build.0 = Debug|Any CPU
		{6C31CC4A-10DD-4F84-BEB2-92884E1A0BF7}.Debug|x64.ActiveCfg = Debug|Any CPU
		{6C31CC4A-10DD-4F84-BEB2-92884E1A0BF7}.Debug|x64.Build.0 = Debug|Any CPU
		{6C31CC4A-10DD-4F84-BEB2-92884E1A0BF7}.Debug|x86.ActiveCfg = Debug|Any CPU
		{6C31CC4A-10DD-4F84-BEB2-92884E1A0BF7}.Debug|x86.Build.0 = Debug|Any CPU
		{6C31CC4A-10DD-4F84-BEB2-92884E1A0BF7}.Release|Any CPU.ActiveCfg = Release|Any CPU
		{6C31CC4A-10DD-4F84-BEB2-92884E1A0BF7}.Release|Any CPU.Build.0 = Release|Any CPU
		{6C31CC4A-10DD-4F84-BEB2-92884E1A0BF7}.Release|x64.ActiveCfg = Release|Any CPU
		{6C31CC4A-10DD-4F84-BEB2-92884E1A0BF7}.Release|x64.Build.0 = Release|Any CPU
		{6C31CC4A-10DD-4F84-BEB2-92884E1A0BF7}.Release|x86.ActiveCfg = Release|Any CPU
		{6C31CC4A-10DD-4F84-BEB2-92884E1A0BF7}.Release|x86.Build.0 = Release|Any CPU
		{D18CFF79-E15D-4C52-B8DC-E1D81E80EE1E}.Debug|Any CPU.ActiveCfg = Debug|Any CPU
		{D18CFF79-E15D-4C52-B8DC-E1D81E80EE1E}.Debug|Any CPU.Build.0 = Debug|Any CPU
		{D18CFF79-E15D-4C52-B8DC-E1D81E80EE1E}.Debug|x64.ActiveCfg = Debug|Any CPU
		{D18CFF79-E15D-4C52-B8DC-E1D81E80EE1E}.Debug|x64.Build.0 = Debug|Any CPU
		{D18CFF79-E15D-4C52-B8DC-E1D81E80EE1E}.Debug|x86.ActiveCfg = Debug|Any CPU
		{D18CFF79-E15D-4C52-B8DC-E1D81E80EE1E}.Debug|x86.Build.0 = Debug|Any CPU
		{D18CFF79-E15D-4C52-B8DC-E1D81E80EE1E}.Release|Any CPU.ActiveCfg = Release|Any CPU
		{D18CFF79-E15D-4C52-B8DC-E1D81E80EE1E}.Release|Any CPU.Build.0 = Release|Any CPU
		{D18CFF79-E15D-4C52-B8DC-E1D81E80EE1E}.Release|x64.ActiveCfg = Release|Any CPU
		{D18CFF79-E15D-4C52-B8DC-E1D81E80EE1E}.Release|x64.Build.0 = Release|Any CPU
		{D18CFF79-E15D-4C52-B8DC-E1D81E80EE1E}.Release|x86.ActiveCfg = Release|Any CPU
		{D18CFF79-E15D-4C52-B8DC-E1D81E80EE1E}.Release|x86.Build.0 = Release|Any CPU
		{40A2DC3E-8587-4007-A669-2B2953A868A6}.Debug|Any CPU.ActiveCfg = Debug|Any CPU
		{40A2DC3E-8587-4007-A669-2B2953A868A6}.Debug|Any CPU.Build.0 = Debug|Any CPU
		{40A2DC3E-8587-4007-A669-2B2953A868A6}.Debug|x64.ActiveCfg = Debug|Any CPU
		{40A2DC3E-8587-4007-A669-2B2953A868A6}.Debug|x64.Build.0 = Debug|Any CPU
		{40A2DC3E-8587-4007-A669-2B2953A868A6}.Debug|x86.ActiveCfg = Debug|Any CPU
		{40A2DC3E-8587-4007-A669-2B2953A868A6}.Debug|x86.Build.0 = Debug|Any CPU
		{40A2DC3E-8587-4007-A669-2B2953A868A6}.Release|Any CPU.ActiveCfg = Release|Any CPU
		{40A2DC3E-8587-4007-A669-2B2953A868A6}.Release|Any CPU.Build.0 = Release|Any CPU
		{40A2DC3E-8587-4007-A669-2B2953A868A6}.Release|x64.ActiveCfg = Release|Any CPU
		{40A2DC3E-8587-4007-A669-2B2953A868A6}.Release|x64.Build.0 = Release|Any CPU
		{40A2DC3E-8587-4007-A669-2B2953A868A6}.Release|x86.ActiveCfg = Release|Any CPU
		{40A2DC3E-8587-4007-A669-2B2953A868A6}.Release|x86.Build.0 = Release|Any CPU
		{EFEEE1C7-CE2D-481D-ADEC-7B9E23D1AB2A}.Debug|Any CPU.ActiveCfg = Debug|Any CPU
		{EFEEE1C7-CE2D-481D-ADEC-7B9E23D1AB2A}.Debug|Any CPU.Build.0 = Debug|Any CPU
		{EFEEE1C7-CE2D-481D-ADEC-7B9E23D1AB2A}.Debug|x64.ActiveCfg = Debug|Any CPU
		{EFEEE1C7-CE2D-481D-ADEC-7B9E23D1AB2A}.Debug|x64.Build.0 = Debug|Any CPU
		{EFEEE1C7-CE2D-481D-ADEC-7B9E23D1AB2A}.Debug|x86.ActiveCfg = Debug|Any CPU
		{EFEEE1C7-CE2D-481D-ADEC-7B9E23D1AB2A}.Debug|x86.Build.0 = Debug|Any CPU
		{EFEEE1C7-CE2D-481D-ADEC-7B9E23D1AB2A}.Release|Any CPU.ActiveCfg = Release|Any CPU
		{EFEEE1C7-CE2D-481D-ADEC-7B9E23D1AB2A}.Release|Any CPU.Build.0 = Release|Any CPU
		{EFEEE1C7-CE2D-481D-ADEC-7B9E23D1AB2A}.Release|x64.ActiveCfg = Release|Any CPU
		{EFEEE1C7-CE2D-481D-ADEC-7B9E23D1AB2A}.Release|x64.Build.0 = Release|Any CPU
		{EFEEE1C7-CE2D-481D-ADEC-7B9E23D1AB2A}.Release|x86.ActiveCfg = Release|Any CPU
		{EFEEE1C7-CE2D-481D-ADEC-7B9E23D1AB2A}.Release|x86.Build.0 = Release|Any CPU
		{D6AB1FE0-DA1A-4286-8589-1A442DF0CB1E}.Debug|Any CPU.ActiveCfg = Debug|Any CPU
		{D6AB1FE0-DA1A-4286-8589-1A442DF0CB1E}.Debug|Any CPU.Build.0 = Debug|Any CPU
		{D6AB1FE0-DA1A-4286-8589-1A442DF0CB1E}.Debug|x64.ActiveCfg = Debug|Any CPU
		{D6AB1FE0-DA1A-4286-8589-1A442DF0CB1E}.Debug|x64.Build.0 = Debug|Any CPU
		{D6AB1FE0-DA1A-4286-8589-1A442DF0CB1E}.Debug|x86.ActiveCfg = Debug|Any CPU
		{D6AB1FE0-DA1A-4286-8589-1A442DF0CB1E}.Debug|x86.Build.0 = Debug|Any CPU
		{D6AB1FE0-DA1A-4286-8589-1A442DF0CB1E}.Release|Any CPU.ActiveCfg = Release|Any CPU
		{D6AB1FE0-DA1A-4286-8589-1A442DF0CB1E}.Release|Any CPU.Build.0 = Release|Any CPU
		{D6AB1FE0-DA1A-4286-8589-1A442DF0CB1E}.Release|x64.ActiveCfg = Release|Any CPU
		{D6AB1FE0-DA1A-4286-8589-1A442DF0CB1E}.Release|x64.Build.0 = Release|Any CPU
		{D6AB1FE0-DA1A-4286-8589-1A442DF0CB1E}.Release|x86.ActiveCfg = Release|Any CPU
		{D6AB1FE0-DA1A-4286-8589-1A442DF0CB1E}.Release|x86.Build.0 = Release|Any CPU
	EndGlobalSection
	GlobalSection(SolutionProperties) = preSolution
		HideSolutionNode = FALSE
	EndGlobalSection
EndGlobal
